
Microsoft Visual Studio Solution File, Format Version 12.00
# Visual Studio Version 17
VisualStudioVersion = 17.2.32602.215
MinimumVisualStudioVersion = 10.0.40219.1
Project("{FAE04EC0-301F-11D3-BF4B-00C04F79EFBC}") = "MoodAnalyser", "MoodAnalyser\MoodAnalyser.csproj", "{0601DD37-7A36-405B-9ECE-D8C689383452}"
EndProject
Global
	GlobalSection(SolutionConfigurationPlatforms) = preSolution
		Debug|Any CPU = Debug|Any CPU
		Release|Any CPU = Release|Any CPU
	EndGlobalSection
	GlobalSection(ProjectConfigurationPlatforms) = postSolution
		{0601DD37-7A36-405B-9ECE-D8C689383452}.Debug|Any CPU.ActiveCfg = Debug|Any CPU
		{0601DD37-7A36-405B-9ECE-D8C689383452}.Debug|Any CPU.Build.0 = Debug|Any CPU
		{0601DD37-7A36-405B-9ECE-D8C689383452}.Release|Any CPU.ActiveCfg = Release|Any CPU
		{0601DD37-7A36-405B-9ECE-D8C689383452}.Release|Any CPU.Build.0 = Release|Any CPU
	EndGlobalSection
	GlobalSection(SolutionProperties) = preSolution
		HideSolutionNode = FALSE
	EndGlobalSection
	GlobalSection(ExtensibilityGlobals) = postSolution
		SolutionGuid = {BB5EEB4E-A5C7-4E2E-A16C-8F60F0A3C22F}
	EndGlobalSection
EndGlobal
